
Microsoft Visual Studio Solution File, Format Version 12.00
# Visual Studio Version 17
VisualStudioVersion = 17.10.35013.160
MinimumVisualStudioVersion = 10.0.40219.1
Project("{FAE04EC0-301F-11D3-BF4B-00C04F79EFBC}") = "GameStore.Frontend", "GameStore.Frontend.csproj", "{1314ECC6-2A91-4B96-9BFB-719440E7ED88}"
EndProject
Global
	GlobalSection(SolutionConfigurationPlatforms) = preSolution
		Debug|Any CPU = Debug|Any CPU
		Release|Any CPU = Release|Any CPU
	EndGlobalSection
	GlobalSection(ProjectConfigurationPlatforms) = postSolution
		{1314ECC6-2A91-4B96-9BFB-719440E7ED88}.Debug|Any CPU.ActiveCfg = Debug|Any CPU
		{1314ECC6-2A91-4B96-9BFB-719440E7ED88}.Debug|Any CPU.Build.0 = Debug|Any CPU
		{1314ECC6-2A91-4B96-9BFB-719440E7ED88}.Release|Any CPU.ActiveCfg = Release|Any CPU
		{1314ECC6-2A91-4B96-9BFB-719440E7ED88}.Release|Any CPU.Build.0 = Release|Any CPU
	EndGlobalSection
	GlobalSection(SolutionProperties) = preSolution
		HideSolutionNode = FALSE
	EndGlobalSection
	GlobalSection(ExtensibilityGlobals) = postSolution
		SolutionGuid = {565574FA-6B0C-4E92-80E3-9F12DF3AB3BB}
	EndGlobalSection
EndGlobal
